
Microsoft Visual Studio Solution File, Format Version 12.00
# Visual Studio Version 17
VisualStudioVersion = 17.11.35219.272
MinimumVisualStudioVersion = 10.0.40219.1
Project("{FAE04EC0-301F-11D3-BF4B-00C04F79EFBC}") = "RabinKarp", "RabinKarpSoundEx\RabinKarp.csproj", "{9879D4F8-9F97-446A-AD16-47E50AD961C2}"
EndProject
Project("{FAE04EC0-301F-11D3-BF4B-00C04F79EFBC}") = "SoundEx", "SoundEx\SoundEx.csproj", "{C5C1AC5E-CF36-4B7B-968C-868768851CDD}"
EndProject
Global
	GlobalSection(SolutionConfigurationPlatforms) = preSolution
		Debug|Any CPU = Debug|Any CPU
		Release|Any CPU = Release|Any CPU
	EndGlobalSection
	GlobalSection(ProjectConfigurationPlatforms) = postSolution
		{9879D4F8-9F97-446A-AD16-47E50AD961C2}.Debug|Any CPU.ActiveCfg = Debug|Any CPU
		{9879D4F8-9F97-446A-AD16-47E50AD961C2}.Debug|Any CPU.Build.0 = Debug|Any CPU
		{9879D4F8-9F97-446A-AD16-47E50AD961C2}.Release|Any CPU.ActiveCfg = Release|Any CPU
		{9879D4F8-9F97-446A-AD16-47E50AD961C2}.Release|Any CPU.Build.0 = Release|Any CPU
		{C5C1AC5E-CF36-4B7B-968C-868768851CDD}.Debug|Any CPU.ActiveCfg = Debug|Any CPU
		{C5C1AC5E-CF36-4B7B-968C-868768851CDD}.Debug|Any CPU.Build.0 = Debug|Any CPU
		{C5C1AC5E-CF36-4B7B-968C-868768851CDD}.Release|Any CPU.ActiveCfg = Release|Any CPU
		{C5C1AC5E-CF36-4B7B-968C-868768851CDD}.Release|Any CPU.Build.0 = Release|Any CPU
	EndGlobalSection
	GlobalSection(SolutionProperties) = preSolution
		HideSolutionNode = FALSE
	EndGlobalSection
	GlobalSection(ExtensibilityGlobals) = postSolution
		SolutionGuid = {F8EC4B6F-E541-4D55-9442-7C98B711AEB5}
	EndGlobalSection
EndGlobal
